PODS:
  - EZLoadingActivity (1.01)
  - Font-Awesome-Swift (1.5.3)
  - Kingfisher (3.1.3)

DEPENDENCIES:
  - EZLoadingActivity
  - Font-Awesome-Swift (~> 1.5.3)
  - Kingfisher (~> 3.0)

SPEC CHECKSUMS:
  EZLoadingActivity: edd7e387e5197b116ce2cccb3fd747ababc2a510
  Font-Awesome-Swift: 6615ee6b875d148f767ea60b5b4ff54e2ea3122e
  Kingfisher: 007f5851c18c81e7cc106c9cbac1bafea1cce5dc

PODFILE CHECKSUM: f55d8bb4a294003b796493f0914d6b950c6e21d6

COCOAPODS: 1.1.1
